
Microsoft Visual Studio Solution File, Format Version 12.00
# Visual Studio Version 17
VisualStudioVersion = 17.11.35222.181
MinimumVisualStudioVersion = 10.0.40219.1
Project("{9A19103F-16F7-4668-BE54-9A1E7A4F7556}") = "DigiLearn.Domain", "DigiLearn.Domain\DigiLearn.Domain.csproj", "{64A6D4EB-3DA5-4365-973D-8B64B876B157}"
EndProject
Project("{2150E333-8FDC-42A3-9474-1A3956D46DE8}") = "Shared", "Shared", "{5407570E-C08D-45FE-BB87-F57481EF1017}"
EndProject
Project("{9A19103F-16F7-4668-BE54-9A1E7A4F7556}") = "DigiLearn.Shared.Abstraction", "DigiLearn.Shared.Abstraction\DigiLearn.Shared.Abstraction.csproj", "{43A4DC36-6FE6-4269-9B01-FDCCED7255DB}"
EndProject
Project("{9A19103F-16F7-4668-BE54-9A1E7A4F7556}") = "DigiLearn.Application", "DigiLearn.Application\DigiLearn.Application.csproj", "{D54F2107-D89A-4536-ADB8-A35448370FCB}"
EndProject
Project("{9A19103F-16F7-4668-BE54-9A1E7A4F7556}") = "DigiLearn.Shared", "DigiLearn.Shared\DigiLearn.Shared.csproj", "{0967E95B-F50C-4004-9421-AFD917AB9465}"
EndProject
Project("{9A19103F-16F7-4668-BE54-9A1E7A4F7556}") = "DigiLearn.Infrastructure", "DigiLearn.Infrastructure\DigiLearn.Infrastructure.csproj", "{AB82C73C-2501-4BA7-B4A6-12816F9236C0}"
EndProject
Global
	GlobalSection(SolutionConfigurationPlatforms) = preSolution
		Debug|Any CPU = Debug|Any CPU
		Release|Any CPU = Release|Any CPU
	EndGlobalSection
	GlobalSection(ProjectConfigurationPlatforms) = postSolution
		{64A6D4EB-3DA5-4365-973D-8B64B876B157}.Debug|Any CPU.ActiveCfg = Debug|Any CPU
		{64A6D4EB-3DA5-4365-973D-8B64B876B157}.Debug|Any CPU.Build.0 = Debug|Any CPU
		{64A6D4EB-3DA5-4365-973D-8B64B876B157}.Release|Any CPU.ActiveCfg = Release|Any CPU
		{64A6D4EB-3DA5-4365-973D-8B64B876B157}.Release|Any CPU.Build.0 = Release|Any CPU
		{43A4DC36-6FE6-4269-9B01-FDCCED7255DB}.Debug|Any CPU.ActiveCfg = Debug|Any CPU
		{43A4DC36-6FE6-4269-9B01-FDCCED7255DB}.Debug|Any CPU.Build.0 = Debug|Any CPU
		{43A4DC36-6FE6-4269-9B01-FDCCED7255DB}.Release|Any CPU.ActiveCfg = Release|Any CPU
		{43A4DC36-6FE6-4269-9B01-FDCCED7255DB}.Release|Any CPU.Build.0 = Release|Any CPU
		{D54F2107-D89A-4536-ADB8-A35448370FCB}.Debug|Any CPU.ActiveCfg = Debug|Any CPU
		{D54F2107-D89A-4536-ADB8-A35448370FCB}.Debug|Any CPU.Build.0 = Debug|Any CPU
		{D54F2107-D89A-4536-ADB8-A35448370FCB}.Release|Any CPU.ActiveCfg = Release|Any CPU
		{D54F2107-D89A-4536-ADB8-A35448370FCB}.Release|Any CPU.Build.0 = Release|Any CPU
		{0967E95B-F50C-4004-9421-AFD917AB9465}.Debug|Any CPU.ActiveCfg = Debug|Any CPU
		{0967E95B-F50C-4004-9421-AFD917AB9465}.Debug|Any CPU.Build.0 = Debug|Any CPU
		{0967E95B-F50C-4004-9421-AFD917AB9465}.Release|Any CPU.ActiveCfg = Release|Any CPU
		{0967E95B-F50C-4004-9421-AFD917AB9465}.Release|Any CPU.Build.0 = Release|Any CPU
		{AB82C73C-2501-4BA7-B4A6-12816F9236C0}.Debug|Any CPU.ActiveCfg = Debug|Any CPU
		{AB82C73C-2501-4BA7-B4A6-12816F9236C0}.Debug|Any CPU.Build.0 = Debug|Any CPU
		{AB82C73C-2501-4BA7-B4A6-12816F9236C0}.Release|Any CPU.ActiveCfg = Release|Any CPU
		{AB82C73C-2501-4BA7-B4A6-12816F9236C0}.Release|Any CPU.Build.0 = Release|Any CPU
	EndGlobalSection
	GlobalSection(SolutionProperties) = preSolution
		HideSolutionNode = FALSE
	EndGlobalSection
	GlobalSection(NestedProjects) = preSolution
		{43A4DC36-6FE6-4269-9B01-FDCCED7255DB} = {5407570E-C08D-45FE-BB87-F57481EF1017}
		{0967E95B-F50C-4004-9421-AFD917AB9465} = {5407570E-C08D-45FE-BB87-F57481EF1017}
	EndGlobalSection
	GlobalSection(ExtensibilityGlobals) = postSolution
		SolutionGuid = {8C2A1EF2-5F2A-45F8-968C-ECC6B42EE7C7}
	EndGlobalSection
EndGlobal
